
Microsoft Visual Studio Solution File, Format Version 12.00
# Visual Studio Version 16
VisualStudioVersion = 16.0.30114.105
MinimumVisualStudioVersion = 10.0.40219.1
Project("{FAE04EC0-301F-11D3-BF4B-00C04F79EFBC}") = "BowlingGalore", "BowlingGalore.csproj", "{DC3321CD-90A8-4AF1-9ECE-C35E208853A2}"
EndProject
Project("{FAE04EC0-301F-11D3-BF4B-00C04F79EFBC}") = "BowlingGaloreTest", "..\BowlingGaloreTest\BowlingGaloreTest.csproj", "{7DD05C86-9892-441A-BAE1-30F39430B33F}"
EndProject
Global
	GlobalSection(SolutionConfigurationPlatforms) = preSolution
		Debug|Any CPU = Debug|Any CPU
		Release|Any CPU = Release|Any CPU
	EndGlobalSection
	GlobalSection(ProjectConfigurationPlatforms) = postSolution
		{DC3321CD-90A8-4AF1-9ECE-C35E208853A2}.Debug|Any CPU.ActiveCfg = Debug|Any CPU
		{DC3321CD-90A8-4AF1-9ECE-C35E208853A2}.Debug|Any CPU.Build.0 = Debug|Any CPU
		{DC3321CD-90A8-4AF1-9ECE-C35E208853A2}.Release|Any CPU.ActiveCfg = Release|Any CPU
		{DC3321CD-90A8-4AF1-9ECE-C35E208853A2}.Release|Any CPU.Build.0 = Release|Any CPU
		{7DD05C86-9892-441A-BAE1-30F39430B33F}.Debug|Any CPU.ActiveCfg = Debug|Any CPU
		{7DD05C86-9892-441A-BAE1-30F39430B33F}.Debug|Any CPU.Build.0 = Debug|Any CPU
		{7DD05C86-9892-441A-BAE1-30F39430B33F}.Release|Any CPU.ActiveCfg = Release|Any CPU
		{7DD05C86-9892-441A-BAE1-30F39430B33F}.Release|Any CPU.Build.0 = Release|Any CPU
	EndGlobalSection
	GlobalSection(SolutionProperties) = preSolution
		HideSolutionNode = FALSE
	EndGlobalSection
	GlobalSection(ExtensibilityGlobals) = postSolution
		SolutionGuid = {D6818006-A594-46E1-9EE3-FE32251B78D7}
	EndGlobalSection
EndGlobal
